
Microsoft Visual Studio Solution File, Format Version 12.00
# Visual Studio Version 16
VisualStudioVersion = 16.0.31205.134
MinimumVisualStudioVersion = 10.0.40219.1
Project("{888888A0-9F3D-457C-B088-3A5042F75D52}") = "04_Running_Code", "PythonApplication_Microsoft_Tutorial\04_Running_Code.pyproj", "{AA238CAE-D10F-40A4-BB18-3BA3428FDF67}"
EndProject
Project("{888888A0-9F3D-457C-B088-3A5042F75D52}") = "05_Installing_Packages", "02_Packages\05_Installing_Packages.pyproj", "{11FD7593-A83D-460E-B400-CC27DEAECAFC}"
EndProject
Global
	GlobalSection(SolutionConfigurationPlatforms) = preSolution
		Debug|Any CPU = Debug|Any CPU
		Release|Any CPU = Release|Any CPU
	EndGlobalSection
	GlobalSection(ProjectConfigurationPlatforms) = postSolution
		{AA238CAE-D10F-40A4-BB18-3BA3428FDF67}.Debug|Any CPU.ActiveCfg = Debug|Any CPU
		{AA238CAE-D10F-40A4-BB18-3BA3428FDF67}.Release|Any CPU.ActiveCfg = Release|Any CPU
		{11FD7593-A83D-460E-B400-CC27DEAECAFC}.Debug|Any CPU.ActiveCfg = Debug|Any CPU
		{11FD7593-A83D-460E-B400-CC27DEAECAFC}.Release|Any CPU.ActiveCfg = Release|Any CPU
	EndGlobalSection
	GlobalSection(SolutionProperties) = preSolution
		HideSolutionNode = FALSE
	EndGlobalSection
	GlobalSection(ExtensibilityGlobals) = postSolution
		SolutionGuid = {2EAA7EB0-82B7-42F0-9571-F85044CBF1E3}
	EndGlobalSection
EndGlobal
